
Microsoft Visual Studio Solution File, Format Version 12.00
# Visual Studio Version 17
VisualStudioVersion = 17.9.34723.18
MinimumVisualStudioVersion = 10.0.40219.1
Project("{FAE04EC0-301F-11D3-BF4B-00C04F79EFBC}") = "lab11", "lab11.csproj", "{A49E5291-542D-4CE6-8E2C-A265D03EC06C}"
EndProject
Global
	GlobalSection(SolutionConfigurationPlatforms) = preSolution
		Debug|Any CPU = Debug|Any CPU
		Release|Any CPU = Release|Any CPU
	EndGlobalSection
	GlobalSection(ProjectConfigurationPlatforms) = postSolution
		{A49E5291-542D-4CE6-8E2C-A265D03EC06C}.Debug|Any CPU.ActiveCfg = Debug|Any CPU
		{A49E5291-542D-4CE6-8E2C-A265D03EC06C}.Debug|Any CPU.Build.0 = Debug|Any CPU
		{A49E5291-542D-4CE6-8E2C-A265D03EC06C}.Release|Any CPU.ActiveCfg = Release|Any CPU
		{A49E5291-542D-4CE6-8E2C-A265D03EC06C}.Release|Any CPU.Build.0 = Release|Any CPU
	EndGlobalSection
	GlobalSection(SolutionProperties) = preSolution
		HideSolutionNode = FALSE
	EndGlobalSection
	GlobalSection(ExtensibilityGlobals) = postSolution
		SolutionGuid = {8E9B897B-FB24-419E-BCC7-329FB719B27D}
	EndGlobalSection
EndGlobal
